
Microsoft Visual Studio Solution File, Format Version 12.00
# Visual Studio Version 17
VisualStudioVersion = 17.0.31903.59
MinimumVisualStudioVersion = 10.0.40219.1
Project("{2150E333-8FDC-42A3-9474-1A3956D46DE8}") = "src", "src", "{827E0CD3-B72D-47B6-A68D-7590B98EB39B}"
EndProject
Project("{FAE04EC0-301F-11D3-BF4B-00C04F79EFBC}") = "UniHub.API", "src\UniHub.API\UniHub.API.csproj", "{346D8263-4217-4591-A2FB-6B38BEDD5D02}"
EndProject
Project("{2150E333-8FDC-42A3-9474-1A3956D46DE8}") = "Shared", "Shared", "{C8E42992-5E42-0C2B-DBFE-AA848D06431C}"
EndProject
Project("{FAE04EC0-301F-11D3-BF4B-00C04F79EFBC}") = "UniHub.SharedKernel", "src\Shared\UniHub.SharedKernel\UniHub.SharedKernel.csproj", "{48CA17E8-42FD-448A-91A3-3DE13F153241}"
EndProject
Project("{FAE04EC0-301F-11D3-BF4B-00C04F79EFBC}") = "UniHub.Infrastructure", "src\Shared\UniHub.Infrastructure\UniHub.Infrastructure.csproj", "{B7D2270F-EA7F-4171-B762-546A229823DA}"
EndProject
Project("{FAE04EC0-301F-11D3-BF4B-00C04F79EFBC}") = "UniHub.Contracts", "src\Shared\UniHub.Contracts\UniHub.Contracts.csproj", "{0FCE068F-2556-4436-AF36-F4CEBFD1AC37}"
EndProject
Project("{2150E333-8FDC-42A3-9474-1A3956D46DE8}") = "Modules", "Modules", "{EC447DCF-ABFA-6E24-52A5-D7FD48A5C558}"
EndProject
Project("{2150E333-8FDC-42A3-9474-1A3956D46DE8}") = "AI", "AI", "{BB1D8860-8311-E62E-D03C-503AF4A8C141}"
EndProject
Project("{FAE04EC0-301F-11D3-BF4B-00C04F79EFBC}") = "UniHub.AI.Application", "src\Modules\AI\UniHub.AI.Application\UniHub.AI.Application.csproj", "{D7A331B8-D6C3-4DE5-8232-CB1D64414C8C}"
EndProject
Project("{FAE04EC0-301F-11D3-BF4B-00C04F79EFBC}") = "UniHub.AI.Domain", "src\Modules\AI\UniHub.AI.Domain\UniHub.AI.Domain.csproj", "{AE4CD8FF-D2BF-4C62-ADF1-440F1CF1D4B8}"
EndProject
Project("{FAE04EC0-301F-11D3-BF4B-00C04F79EFBC}") = "UniHub.AI.Infrastructure", "src\Modules\AI\UniHub.AI.Infrastructure\UniHub.AI.Infrastructure.csproj", "{B728BEBE-AA45-4665-ABA2-FF48036E18BE}"
EndProject
Project("{FAE04EC0-301F-11D3-BF4B-00C04F79EFBC}") = "UniHub.AI.Presentation", "src\Modules\AI\UniHub.AI.Presentation\UniHub.AI.Presentation.csproj", "{1735BAAB-A55D-4423-A0FA-D9DF2C9CA20D}"
EndProject
Project("{2150E333-8FDC-42A3-9474-1A3956D46DE8}") = "Career", "Career", "{2178EF68-C875-9FD9-9C80-A77234DA8A3B}"
EndProject
Project("{FAE04EC0-301F-11D3-BF4B-00C04F79EFBC}") = "UniHub.Career.Application", "src\Modules\Career\UniHub.Career.Application\UniHub.Career.Application.csproj", "{F959DF41-9A5F-43DC-B236-BE1B5C932DC2}"
EndProject
Project("{FAE04EC0-301F-11D3-BF4B-00C04F79EFBC}") = "UniHub.Career.Domain", "src\Modules\Career\UniHub.Career.Domain\UniHub.Career.Domain.csproj", "{D4FA7F52-13EB-4879-9B44-E3DFEDB18FA7}"
EndProject
Project("{FAE04EC0-301F-11D3-BF4B-00C04F79EFBC}") = "UniHub.Career.Infrastructure", "src\Modules\Career\UniHub.Career.Infrastructure\UniHub.Career.Infrastructure.csproj", "{1894C95D-C72A-45FF-BC68-F8A2BCF9A97B}"
EndProject
Project("{FAE04EC0-301F-11D3-BF4B-00C04F79EFBC}") = "UniHub.Career.Presentation", "src\Modules\Career\UniHub.Career.Presentation\UniHub.Career.Presentation.csproj", "{03270C12-539E-4AEB-9DE1-EFC393CFD64E}"
EndProject
Project("{2150E333-8FDC-42A3-9474-1A3956D46DE8}") = "Chat", "Chat", "{06A38725-C107-8416-62C6-3CAB91983C18}"
EndProject
Project("{FAE04EC0-301F-11D3-BF4B-00C04F79EFBC}") = "UniHub.Chat.Application", "src\Modules\Chat\UniHub.Chat.Application\UniHub.Chat.Application.csproj", "{8AC3C9B6-E6DA-472D-8928-F8ED60AD5C26}"
EndProject
Project("{FAE04EC0-301F-11D3-BF4B-00C04F79EFBC}") = "UniHub.Chat.Domain", "src\Modules\Chat\UniHub.Chat.Domain\UniHub.Chat.Domain.csproj", "{E997D69D-5ADE-4C1E-8932-337E2AAE8453}"
EndProject
Project("{FAE04EC0-301F-11D3-BF4B-00C04F79EFBC}") = "UniHub.Chat.Infrastructure", "src\Modules\Chat\UniHub.Chat.Infrastructure\UniHub.Chat.Infrastructure.csproj", "{9E1CB59A-8C9F-4917-8BA5-8A8D6892A8BB}"
EndProject
Project("{FAE04EC0-301F-11D3-BF4B-00C04F79EFBC}") = "UniHub.Chat.Presentation", "src\Modules\Chat\UniHub.Chat.Presentation\UniHub.Chat.Presentation.csproj", "{D7EA13D4-7F2E-4723-B2A0-68F9D4CFB3AF}"
EndProject
Project("{2150E333-8FDC-42A3-9474-1A3956D46DE8}") = "Forum", "Forum", "{802FCA60-DE2B-DAFB-000C-76ED21607B15}"
EndProject
Project("{FAE04EC0-301F-11D3-BF4B-00C04F79EFBC}") = "UniHub.Forum.Application", "src\Modules\Forum\UniHub.Forum.Application\UniHub.Forum.Application.csproj", "{96A5A1E2-77AF-4122-A176-17EC82109777}"
EndProject
Project("{FAE04EC0-301F-11D3-BF4B-00C04F79EFBC}") = "UniHub.Forum.Domain", "src\Modules\Forum\UniHub.Forum.Domain\UniHub.Forum.Domain.csproj", "{25868EEA-E9D0-474C-BF6F-78FB4E600E59}"
EndProject
Project("{FAE04EC0-301F-11D3-BF4B-00C04F79EFBC}") = "UniHub.Forum.Infrastructure", "src\Modules\Forum\UniHub.Forum.Infrastructure\UniHub.Forum.Infrastructure.csproj", "{40380963-B944-449D-9A30-647893C64595}"
EndProject
Project("{FAE04EC0-301F-11D3-BF4B-00C04F79EFBC}") = "UniHub.Forum.Presentation", "src\Modules\Forum\UniHub.Forum.Presentation\UniHub.Forum.Presentation.csproj", "{F9763C4D-CA5B-47ED-86C9-0C44FF70ECF4}"
EndProject
Project("{2150E333-8FDC-42A3-9474-1A3956D46DE8}") = "Identity", "Identity", "{0EC62A1A-9858-3A60-8A0C-FC9AACFA2EC7}"
EndProject
Project("{FAE04EC0-301F-11D3-BF4B-00C04F79EFBC}") = "UniHub.Identity.Application", "src\Modules\Identity\UniHub.Identity.Application\UniHub.Identity.Application.csproj", "{E31229E3-6639-4943-909A-35F416262BF0}"
EndProject
Project("{FAE04EC0-301F-11D3-BF4B-00C04F79EFBC}") = "UniHub.Identity.Domain", "src\Modules\Identity\UniHub.Identity.Domain\UniHub.Identity.Domain.csproj", "{E0D8C45B-EEF1-49B6-BF77-9357A22E878A}"
EndProject
Project("{FAE04EC0-301F-11D3-BF4B-00C04F79EFBC}") = "UniHub.Identity.Infrastructure", "src\Modules\Identity\UniHub.Identity.Infrastructure\UniHub.Identity.Infrastructure.csproj", "{729DD366-99A9-4ECA-A460-C44C0C693EA3}"
EndProject
Project("{FAE04EC0-301F-11D3-BF4B-00C04F79EFBC}") = "UniHub.Identity.Presentation", "src\Modules\Identity\UniHub.Identity.Presentation\UniHub.Identity.Presentation.csproj", "{94829BAC-B163-4D75-A5BD-D141E153D3FD}"
EndProject
Project("{2150E333-8FDC-42A3-9474-1A3956D46DE8}") = "Learning", "Learning", "{1811FD36-8D32-C900-604C-35B0137141EF}"
EndProject
Project("{FAE04EC0-301F-11D3-BF4B-00C04F79EFBC}") = "UniHub.Learning.Application", "src\Modules\Learning\UniHub.Learning.Application\UniHub.Learning.Application.csproj", "{9FC729D5-5D9A-4D04-8A06-49CC20DAD92C}"
EndProject
Project("{FAE04EC0-301F-11D3-BF4B-00C04F79EFBC}") = "UniHub.Learning.Domain", "src\Modules\Learning\UniHub.Learning.Domain\UniHub.Learning.Domain.csproj", "{C279FCD5-4702-4839-A993-FCBE7165EA63}"
EndProject
Project("{FAE04EC0-301F-11D3-BF4B-00C04F79EFBC}") = "UniHub.Learning.Infrastructure", "src\Modules\Learning\UniHub.Learning.Infrastructure\UniHub.Learning.Infrastructure.csproj", "{29CDA092-3989-4BB3-B80E-4FF7D2FDA5B6}"
EndProject
Project("{FAE04EC0-301F-11D3-BF4B-00C04F79EFBC}") = "UniHub.Learning.Presentation", "src\Modules\Learning\UniHub.Learning.Presentation\UniHub.Learning.Presentation.csproj", "{3E1CCB09-9228-492B-B03C-DA96B64101EC}"
EndProject
Project("{2150E333-8FDC-42A3-9474-1A3956D46DE8}") = "Notification", "Notification", "{4F8133DB-A301-0A1E-3DDE-929E67CC9B96}"
EndProject
Project("{FAE04EC0-301F-11D3-BF4B-00C04F79EFBC}") = "UniHub.Notification.Application", "src\Modules\Notification\UniHub.Notification.Application\UniHub.Notification.Application.csproj", "{F1A6BF48-B7A9-430D-A864-0F635FAFC677}"
EndProject
Project("{FAE04EC0-301F-11D3-BF4B-00C04F79EFBC}") = "UniHub.Notification.Domain", "src\Modules\Notification\UniHub.Notification.Domain\UniHub.Notification.Domain.csproj", "{4CC569B6-700E-4150-890E-1EA05B392EA4}"
EndProject
Project("{FAE04EC0-301F-11D3-BF4B-00C04F79EFBC}") = "UniHub.Notification.Infrastructure", "src\Modules\Notification\UniHub.Notification.Infrastructure\UniHub.Notification.Infrastructure.csproj", "{D7C98773-96C3-47EF-9697-2A1BB8F19A9A}"
EndProject
Project("{FAE04EC0-301F-11D3-BF4B-00C04F79EFBC}") = "UniHub.Notification.Presentation", "src\Modules\Notification\UniHub.Notification.Presentation\UniHub.Notification.Presentation.csproj", "{0B60A562-AAB0-415C-A047-369AA93C1278}"
EndProject
Project("{2150E333-8FDC-42A3-9474-1A3956D46DE8}") = "tests", "tests", "{0AB3BF05-4346-4AA6-1389-037BE0695223}"
EndProject
Project("{FAE04EC0-301F-11D3-BF4B-00C04F79EFBC}") = "UniHub.ArchitectureTests", "tests\UniHub.ArchitectureTests\UniHub.ArchitectureTests.csproj", "{C7A337C4-2A9C-4ADA-8F66-38AEFEEE0998}"
EndProject
Project("{FAE04EC0-301F-11D3-BF4B-00C04F79EFBC}") = "UniHub.IntegrationTests", "tests\UniHub.IntegrationTests\UniHub.IntegrationTests.csproj", "{55E23BD8-87AD-4916-902B-F778F67E55DA}"
EndProject
Project("{2150E333-8FDC-42A3-9474-1A3956D46DE8}") = "Shared", "Shared", "{D0D6B8B0-AC35-B3FA-0B96-A9B0E4A3253E}"
EndProject
Project("{FAE04EC0-301F-11D3-BF4B-00C04F79EFBC}") = "UniHub.SharedKernel.Tests", "tests\Shared\UniHub.SharedKernel.Tests\UniHub.SharedKernel.Tests.csproj", "{1A297AA0-8166-4AB7-8965-4492840383B4}"
EndProject
Project("{FAE04EC0-301F-11D3-BF4B-00C04F79EFBC}") = "UniHub.Infrastructure.Tests", "tests\Shared\UniHub.Infrastructure.Tests\UniHub.Infrastructure.Tests.csproj", "{FD098B4B-D990-4986-B4E3-83971994FD7F}"
EndProject
Project("{2150E333-8FDC-42A3-9474-1A3956D46DE8}") = "Modules", "Modules", "{D7DC9B74-6BC4-2470-2038-1E57C2DCB73B}"
EndProject
Project("{2150E333-8FDC-42A3-9474-1A3956D46DE8}") = "Identity", "Identity", "{ACB2D19B-6984-27D8-539C-F209B7C78BA5}"
EndProject
Project("{FAE04EC0-301F-11D3-BF4B-00C04F79EFBC}") = "UniHub.Identity.Domain.Tests", "tests\Modules\Identity\UniHub.Identity.Domain.Tests\UniHub.Identity.Domain.Tests.csproj", "{2F183234-0C60-412E-A11B-43E8727F4DA8}"
EndProject
Project("{FAE04EC0-301F-11D3-BF4B-00C04F79EFBC}") = "UniHub.Identity.Infrastructure.Tests", "tests\Modules\Identity\UniHub.Identity.Infrastructure.Tests\UniHub.Identity.Infrastructure.Tests.csproj", "{3430A12E-C302-4F61-BAA0-08B020E3EF91}"
EndProject
Project("{FAE04EC0-301F-11D3-BF4B-00C04F79EFBC}") = "UniHub.Identity.Application.Tests", "tests\Modules\Identity\UniHub.Identity.Application.Tests\UniHub.Identity.Application.Tests.csproj", "{47B7CAEE-A049-495E-9E3A-87337AE68247}"
EndProject
Project("{2150E333-8FDC-42A3-9474-1A3956D46DE8}") = "Chat", "Chat", "{3FF12661-E981-90A6-FDEB-3F06F09A5D0D}"
EndProject
Project("{FAE04EC0-301F-11D3-BF4B-00C04F79EFBC}") = "UniHub.Chat.Domain.Tests", "tests\Modules\Chat\UniHub.Chat.Domain.Tests\UniHub.Chat.Domain.Tests.csproj", "{2FF56102-07AC-4103-B6AD-2FA122EF22FF}"
EndProject
Project("{2150E333-8FDC-42A3-9474-1A3956D46DE8}") = "Career", "Career", "{BCD831DE-2269-7333-BFB6-CA0F2DFB26D7}"
EndProject
Project("{FAE04EC0-301F-11D3-BF4B-00C04F79EFBC}") = "UniHub.Career.Domain.Tests", "tests\Modules\Career\UniHub.Career.Domain.Tests\UniHub.Career.Domain.Tests.csproj", "{B3142DA8-FD44-45CA-A1FD-0E11014499EC}"
EndProject
Project("{FAE04EC0-301F-11D3-BF4B-00C04F79EFBC}") = "UniHub.Career.Application.Tests", "tests\Modules\Career\UniHub.Career.Application.Tests\UniHub.Career.Application.Tests.csproj", "{A733B60C-1B78-4085-A915-9E4D697D7EC6}"
EndProject
Project("{2150E333-8FDC-42A3-9474-1A3956D46DE8}") = "Notification", "Notification", "{FEEC8149-E702-6786-4132-737DC77F0F7B}"
EndProject
Project("{FAE04EC0-301F-11D3-BF4B-00C04F79EFBC}") = "UniHub.Notification.Domain.Tests", "tests\Modules\Notification\UniHub.Notification.Domain.Tests\UniHub.Notification.Domain.Tests.csproj", "{8394BD2E-1319-4CC5-880F-10947E5921C2}"
EndProject
Project("{FAE04EC0-301F-11D3-BF4B-00C04F79EFBC}") = "UniHub.Notification.Infrastructure.Tests", "tests\Modules\Notification\UniHub.Notification.Infrastructure.Tests\UniHub.Notification.Infrastructure.Tests.csproj", "{D9B5F3A1-2C4E-4F8B-9A1D-8E7F3C6D2B5A}"
EndProject
Project("{FAE04EC0-301F-11D3-BF4B-00C04F79EFBC}") = "UniHub.Notification.Application.Tests", "tests\Modules\Notification\UniHub.Notification.Application.Tests\UniHub.Notification.Application.Tests.csproj", "{CB3848D1-7727-4CF1-A243-747C3BAD05C1}"
EndProject
Global
	GlobalSection(SolutionConfigurationPlatforms) = preSolution
		Debug|Any CPU = Debug|Any CPU
		Debug|x64 = Debug|x64
		Debug|x86 = Debug|x86
		Release|Any CPU = Release|Any CPU
		Release|x64 = Release|x64
		Release|x86 = Release|x86
	EndGlobalSection
	GlobalSection(ProjectConfigurationPlatforms) = postSolution
		{346D8263-4217-4591-A2FB-6B38BEDD5D02}.Debug|Any CPU.ActiveCfg = Debug|Any CPU
		{346D8263-4217-4591-A2FB-6B38BEDD5D02}.Debug|Any CPU.Build.0 = Debug|Any CPU
		{346D8263-4217-4591-A2FB-6B38BEDD5D02}.Debug|x64.ActiveCfg = Debug|Any CPU
		{346D8263-4217-4591-A2FB-6B38BEDD5D02}.Debug|x64.Build.0 = Debug|Any CPU
		{346D8263-4217-4591-A2FB-6B38BEDD5D02}.Debug|x86.ActiveCfg = Debug|Any CPU
		{346D8263-4217-4591-A2FB-6B38BEDD5D02}.Debug|x86.Build.0 = Debug|Any CPU
		{346D8263-4217-4591-A2FB-6B38BEDD5D02}.Release|Any CPU.ActiveCfg = Release|Any CPU
		{346D8263-4217-4591-A2FB-6B38BEDD5D02}.Release|Any CPU.Build.0 = Release|Any CPU
		{346D8263-4217-4591-A2FB-6B38BEDD5D02}.Release|x64.ActiveCfg = Release|Any CPU
		{346D8263-4217-4591-A2FB-6B38BEDD5D02}.Release|x64.Build.0 = Release|Any CPU
		{346D8263-4217-4591-A2FB-6B38BEDD5D02}.Release|x86.ActiveCfg = Release|Any CPU
		{346D8263-4217-4591-A2FB-6B38BEDD5D02}.Release|x86.Build.0 = Release|Any CPU
		{48CA17E8-42FD-448A-91A3-3DE13F153241}.Debug|Any CPU.ActiveCfg = Debug|Any CPU
		{48CA17E8-42FD-448A-91A3-3DE13F153241}.Debug|Any CPU.Build.0 = Debug|Any CPU
		{48CA17E8-42FD-448A-91A3-3DE13F153241}.Debug|x64.ActiveCfg = Debug|Any CPU
		{48CA17E8-42FD-448A-91A3-3DE13F153241}.Debug|x64.Build.0 = Debug|Any CPU
		{48CA17E8-42FD-448A-91A3-3DE13F153241}.Debug|x86.ActiveCfg = Debug|Any CPU
		{48CA17E8-42FD-448A-91A3-3DE13F153241}.Debug|x86.Build.0 = Debug|Any CPU
		{48CA17E8-42FD-448A-91A3-3DE13F153241}.Release|Any CPU.ActiveCfg = Release|Any CPU
		{48CA17E8-42FD-448A-91A3-3DE13F153241}.Release|Any CPU.Build.0 = Release|Any CPU
		{48CA17E8-42FD-448A-91A3-3DE13F153241}.Release|x64.ActiveCfg = Release|Any CPU
		{48CA17E8-42FD-448A-91A3-3DE13F153241}.Release|x64.Build.0 = Release|Any CPU
		{48CA17E8-42FD-448A-91A3-3DE13F153241}.Release|x86.ActiveCfg = Release|Any CPU
		{48CA17E8-42FD-448A-91A3-3DE13F153241}.Release|x86.Build.0 = Release|Any CPU
		{B7D2270F-EA7F-4171-B762-546A229823DA}.Debug|Any CPU.ActiveCfg = Debug|Any CPU
		{B7D2270F-EA7F-4171-B762-546A229823DA}.Debug|Any CPU.Build.0 = Debug|Any CPU
		{B7D2270F-EA7F-4171-B762-546A229823DA}.Debug|x64.ActiveCfg = Debug|Any CPU
		{B7D2270F-EA7F-4171-B762-546A229823DA}.Debug|x64.Build.0 = Debug|Any CPU
		{B7D2270F-EA7F-4171-B762-546A229823DA}.Debug|x86.ActiveCfg = Debug|Any CPU
		{B7D2270F-EA7F-4171-B762-546A229823DA}.Debug|x86.Build.0 = Debug|Any CPU
		{B7D2270F-EA7F-4171-B762-546A229823DA}.Release|Any CPU.ActiveCfg = Release|Any CPU
		{B7D2270F-EA7F-4171-B762-546A229823DA}.Release|Any CPU.Build.0 = Release|Any CPU
		{B7D2270F-EA7F-4171-B762-546A229823DA}.Release|x64.ActiveCfg = Release|Any CPU
		{B7D2270F-EA7F-4171-B762-546A229823DA}.Release|x64.Build.0 = Release|Any CPU
		{B7D2270F-EA7F-4171-B762-546A229823DA}.Release|x86.ActiveCfg = Release|Any CPU
		{B7D2270F-EA7F-4171-B762-546A229823DA}.Release|x86.Build.0 = Release|Any CPU
		{0FCE068F-2556-4436-AF36-F4CEBFD1AC37}.Debug|Any CPU.ActiveCfg = Debug|Any CPU
		{0FCE068F-2556-4436-AF36-F4CEBFD1AC37}.Debug|Any CPU.Build.0 = Debug|Any CPU
		{0FCE068F-2556-4436-AF36-F4CEBFD1AC37}.Debug|x64.ActiveCfg = Debug|Any CPU
		{0FCE068F-2556-4436-AF36-F4CEBFD1AC37}.Debug|x64.Build.0 = Debug|Any CPU
		{0FCE068F-2556-4436-AF36-F4CEBFD1AC37}.Debug|x86.ActiveCfg = Debug|Any CPU
		{0FCE068F-2556-4436-AF36-F4CEBFD1AC37}.Debug|x86.Build.0 = Debug|Any CPU
		{0FCE068F-2556-4436-AF36-F4CEBFD1AC37}.Release|Any CPU.ActiveCfg = Release|Any CPU
		{0FCE068F-2556-4436-AF36-F4CEBFD1AC37}.Release|Any CPU.Build.0 = Release|Any CPU
		{0FCE068F-2556-4436-AF36-F4CEBFD1AC37}.Release|x64.ActiveCfg = Release|Any CPU
		{0FCE068F-2556-4436-AF36-F4CEBFD1AC37}.Release|x64.Build.0 = Release|Any CPU
		{0FCE068F-2556-4436-AF36-F4CEBFD1AC37}.Release|x86.ActiveCfg = Release|Any CPU
		{0FCE068F-2556-4436-AF36-F4CEBFD1AC37}.Release|x86.Build.0 = Release|Any CPU
		{D7A331B8-D6C3-4DE5-8232-CB1D64414C8C}.Debug|Any CPU.ActiveCfg = Debug|Any CPU
		{D7A331B8-D6C3-4DE5-8232-CB1D64414C8C}.Debug|Any CPU.Build.0 = Debug|Any CPU
		{D7A331B8-D6C3-4DE5-8232-CB1D64414C8C}.Debug|x64.ActiveCfg = Debug|Any CPU
		{D7A331B8-D6C3-4DE5-8232-CB1D64414C8C}.Debug|x64.Build.0 = Debug|Any CPU
		{D7A331B8-D6C3-4DE5-8232-CB1D64414C8C}.Debug|x86.ActiveCfg = Debug|Any CPU
		{D7A331B8-D6C3-4DE5-8232-CB1D64414C8C}.Debug|x86.Build.0 = Debug|Any CPU
		{D7A331B8-D6C3-4DE5-8232-CB1D64414C8C}.Release|Any CPU.ActiveCfg = Release|Any CPU
		{D7A331B8-D6C3-4DE5-8232-CB1D64414C8C}.Release|Any CPU.Build.0 = Release|Any CPU
		{D7A331B8-D6C3-4DE5-8232-CB1D64414C8C}.Release|x64.ActiveCfg = Release|Any CPU
		{D7A331B8-D6C3-4DE5-8232-CB1D64414C8C}.Release|x64.Build.0 = Release|Any CPU
		{D7A331B8-D6C3-4DE5-8232-CB1D64414C8C}.Release|x86.ActiveCfg = Release|Any CPU
		{D7A331B8-D6C3-4DE5-8232-CB1D64414C8C}.Release|x86.Build.0 = Release|Any CPU
		{AE4CD8FF-D2BF-4C62-ADF1-440F1CF1D4B8}.Debug|Any CPU.ActiveCfg = Debug|Any CPU
		{AE4CD8FF-D2BF-4C62-ADF1-440F1CF1D4B8}.Debug|Any CPU.Build.0 = Debug|Any CPU
		{AE4CD8FF-D2BF-4C62-ADF1-440F1CF1D4B8}.Debug|x64.ActiveCfg = Debug|Any CPU
		{AE4CD8FF-D2BF-4C62-ADF1-440F1CF1D4B8}.Debug|x64.Build.0 = Debug|Any CPU
		{AE4CD8FF-D2BF-4C62-ADF1-440F1CF1D4B8}.Debug|x86.ActiveCfg = Debug|Any CPU
		{AE4CD8FF-D2BF-4C62-ADF1-440F1CF1D4B8}.Debug|x86.Build.0 = Debug|Any CPU
		{AE4CD8FF-D2BF-4C62-ADF1-440F1CF1D4B8}.Release|Any CPU.ActiveCfg = Release|Any CPU
		{AE4CD8FF-D2BF-4C62-ADF1-440F1CF1D4B8}.Release|Any CPU.Build.0 = Release|Any CPU
		{AE4CD8FF-D2BF-4C62-ADF1-440F1CF1D4B8}.Release|x64.ActiveCfg = Release|Any CPU
		{AE4CD8FF-D2BF-4C62-ADF1-440F1CF1D4B8}.Release|x64.Build.0 = Release|Any CPU
		{AE4CD8FF-D2BF-4C62-ADF1-440F1CF1D4B8}.Release|x86.ActiveCfg = Release|Any CPU
		{AE4CD8FF-D2BF-4C62-ADF1-440F1CF1D4B8}.Release|x86.Build.0 = Release|Any CPU
		{B728BEBE-AA45-4665-ABA2-FF48036E18BE}.Debug|Any CPU.ActiveCfg = Debug|Any CPU
		{B728BEBE-AA45-4665-ABA2-FF48036E18BE}.Debug|Any CPU.Build.0 = Debug|Any CPU
		{B728BEBE-AA45-4665-ABA2-FF48036E18BE}.Debug|x64.ActiveCfg = Debug|Any CPU
		{B728BEBE-AA45-4665-ABA2-FF48036E18BE}.Debug|x64.Build.0 = Debug|Any CPU
		{B728BEBE-AA45-4665-ABA2-FF48036E18BE}.Debug|x86.ActiveCfg = Debug|Any CPU
		{B728BEBE-AA45-4665-ABA2-FF48036E18BE}.Debug|x86.Build.0 = Debug|Any CPU
		{B728BEBE-AA45-4665-ABA2-FF48036E18BE}.Release|Any CPU.ActiveCfg = Release|Any CPU
		{B728BEBE-AA45-4665-ABA2-FF48036E18BE}.Release|Any CPU.Build.0 = Release|Any CPU
		{B728BEBE-AA45-4665-ABA2-FF48036E18BE}.Release|x64.ActiveCfg = Release|Any CPU
		{B728BEBE-AA45-4665-ABA2-FF48036E18BE}.Release|x64.Build.0 = Release|Any CPU
		{B728BEBE-AA45-4665-ABA2-FF48036E18BE}.Release|x86.ActiveCfg = Release|Any CPU
		{B728BEBE-AA45-4665-ABA2-FF48036E18BE}.Release|x86.Build.0 = Release|Any CPU
		{1735BAAB-A55D-4423-A0FA-D9DF2C9CA20D}.Debug|Any CPU.ActiveCfg = Debug|Any CPU
		{1735BAAB-A55D-4423-A0FA-D9DF2C9CA20D}.Debug|Any CPU.Build.0 = Debug|Any CPU
		{1735BAAB-A55D-4423-A0FA-D9DF2C9CA20D}.Debug|x64.ActiveCfg = Debug|Any CPU
		{1735BAAB-A55D-4423-A0FA-D9DF2C9CA20D}.Debug|x64.Build.0 = Debug|Any CPU
		{1735BAAB-A55D-4423-A0FA-D9DF2C9CA20D}.Debug|x86.ActiveCfg = Debug|Any CPU
		{1735BAAB-A55D-4423-A0FA-D9DF2C9CA20D}.Debug|x86.Build.0 = Debug|Any CPU
		{1735BAAB-A55D-4423-A0FA-D9DF2C9CA20D}.Release|Any CPU.ActiveCfg = Release|Any CPU
		{1735BAAB-A55D-4423-A0FA-D9DF2C9CA20D}.Release|Any CPU.Build.0 = Release|Any CPU
		{1735BAAB-A55D-4423-A0FA-D9DF2C9CA20D}.Release|x64.ActiveCfg = Release|Any CPU
		{1735BAAB-A55D-4423-A0FA-D9DF2C9CA20D}.Release|x64.Build.0 = Release|Any CPU
		{1735BAAB-A55D-4423-A0FA-D9DF2C9CA20D}.Release|x86.ActiveCfg = Release|Any CPU
		{1735BAAB-A55D-4423-A0FA-D9DF2C9CA20D}.Release|x86.Build.0 = Release|Any CPU
		{F959DF41-9A5F-43DC-B236-BE1B5C932DC2}.Debug|Any CPU.ActiveCfg = Debug|Any CPU
		{F959DF41-9A5F-43DC-B236-BE1B5C932DC2}.Debug|Any CPU.Build.0 = Debug|Any CPU
		{F959DF41-9A5F-43DC-B236-BE1B5C932DC2}.Debug|x64.ActiveCfg = Debug|Any CPU
		{F959DF41-9A5F-43DC-B236-BE1B5C932DC2}.Debug|x64.Build.0 = Debug|Any CPU
		{F959DF41-9A5F-43DC-B236-BE1B5C932DC2}.Debug|x86.ActiveCfg = Debug|Any CPU
		{F959DF41-9A5F-43DC-B236-BE1B5C932DC2}.Debug|x86.Build.0 = Debug|Any CPU
		{F959DF41-9A5F-43DC-B236-BE1B5C932DC2}.Release|Any CPU.ActiveCfg = Release|Any CPU
		{F959DF41-9A5F-43DC-B236-BE1B5C932DC2}.Release|Any CPU.Build.0 = Release|Any CPU
		{F959DF41-9A5F-43DC-B236-BE1B5C932DC2}.Release|x64.ActiveCfg = Release|Any CPU
		{F959DF41-9A5F-43DC-B236-BE1B5C932DC2}.Release|x64.Build.0 = Release|Any CPU
		{F959DF41-9A5F-43DC-B236-BE1B5C932DC2}.Release|x86.ActiveCfg = Release|Any CPU
		{F959DF41-9A5F-43DC-B236-BE1B5C932DC2}.Release|x86.Build.0 = Release|Any CPU
		{D4FA7F52-13EB-4879-9B44-E3DFEDB18FA7}.Debug|Any CPU.ActiveCfg = Debug|Any CPU
		{D4FA7F52-13EB-4879-9B44-E3DFEDB18FA7}.Debug|Any CPU.Build.0 = Debug|Any CPU
		{D4FA7F52-13EB-4879-9B44-E3DFEDB18FA7}.Debug|x64.ActiveCfg = Debug|Any CPU
		{D4FA7F52-13EB-4879-9B44-E3DFEDB18FA7}.Debug|x64.Build.0 = Debug|Any CPU
		{D4FA7F52-13EB-4879-9B44-E3DFEDB18FA7}.Debug|x86.ActiveCfg = Debug|Any CPU
		{D4FA7F52-13EB-4879-9B44-E3DFEDB18FA7}.Debug|x86.Build.0 = Debug|Any CPU
		{D4FA7F52-13EB-4879-9B44-E3DFEDB18FA7}.Release|Any CPU.ActiveCfg = Release|Any CPU
		{D4FA7F52-13EB-4879-9B44-E3DFEDB18FA7}.Release|Any CPU.Build.0 = Release|Any CPU
		{D4FA7F52-13EB-4879-9B44-E3DFEDB18FA7}.Release|x64.ActiveCfg = Release|Any CPU
		{D4FA7F52-13EB-4879-9B44-E3DFEDB18FA7}.Release|x64.Build.0 = Release|Any CPU
		{D4FA7F52-13EB-4879-9B44-E3DFEDB18FA7}.Release|x86.ActiveCfg = Release|Any CPU
		{D4FA7F52-13EB-4879-9B44-E3DFEDB18FA7}.Release|x86.Build.0 = Release|Any CPU
		{1894C95D-C72A-45FF-BC68-F8A2BCF9A97B}.Debug|Any CPU.ActiveCfg = Debug|Any CPU
		{1894C95D-C72A-45FF-BC68-F8A2BCF9A97B}.Debug|Any CPU.Build.0 = Debug|Any CPU
		{1894C95D-C72A-45FF-BC68-F8A2BCF9A97B}.Debug|x64.ActiveCfg = Debug|Any CPU
		{1894C95D-C72A-45FF-BC68-F8A2BCF9A97B}.Debug|x64.Build.0 = Debug|Any CPU
		{1894C95D-C72A-45FF-BC68-F8A2BCF9A97B}.Debug|x86.ActiveCfg = Debug|Any CPU
		{1894C95D-C72A-45FF-BC68-F8A2BCF9A97B}.Debug|x86.Build.0 = Debug|Any CPU
		{1894C95D-C72A-45FF-BC68-F8A2BCF9A97B}.Release|Any CPU.ActiveCfg = Release|Any CPU
		{1894C95D-C72A-45FF-BC68-F8A2BCF9A97B}.Release|Any CPU.Build.0 = Release|Any CPU
		{1894C95D-C72A-45FF-BC68-F8A2BCF9A97B}.Release|x64.ActiveCfg = Release|Any CPU
		{1894C95D-C72A-45FF-BC68-F8A2BCF9A97B}.Release|x64.Build.0 = Release|Any CPU
		{1894C95D-C72A-45FF-BC68-F8A2BCF9A97B}.Release|x86.ActiveCfg = Release|Any CPU
		{1894C95D-C72A-45FF-BC68-F8A2BCF9A97B}.Release|x86.Build.0 = Release|Any CPU
		{03270C12-539E-4AEB-9DE1-EFC393CFD64E}.Debug|Any CPU.ActiveCfg = Debug|Any CPU
		{03270C12-539E-4AEB-9DE1-EFC393CFD64E}.Debug|Any CPU.Build.0 = Debug|Any CPU
		{03270C12-539E-4AEB-9DE1-EFC393CFD64E}.Debug|x64.ActiveCfg = Debug|Any CPU
		{03270C12-539E-4AEB-9DE1-EFC393CFD64E}.Debug|x64.Build.0 = Debug|Any CPU
		{03270C12-539E-4AEB-9DE1-EFC393CFD64E}.Debug|x86.ActiveCfg = Debug|Any CPU
		{03270C12-539E-4AEB-9DE1-EFC393CFD64E}.Debug|x86.Build.0 = Debug|Any CPU
		{03270C12-539E-4AEB-9DE1-EFC393CFD64E}.Release|Any CPU.ActiveCfg = Release|Any CPU
		{03270C12-539E-4AEB-9DE1-EFC393CFD64E}.Release|Any CPU.Build.0 = Release|Any CPU
		{03270C12-539E-4AEB-9DE1-EFC393CFD64E}.Release|x64.ActiveCfg = Release|Any CPU
		{03270C12-539E-4AEB-9DE1-EFC393CFD64E}.Release|x64.Build.0 = Release|Any CPU
		{03270C12-539E-4AEB-9DE1-EFC393CFD64E}.Release|x86.ActiveCfg = Release|Any CPU
		{03270C12-539E-4AEB-9DE1-EFC393CFD64E}.Release|x86.Build.0 = Release|Any CPU
		{8AC3C9B6-E6DA-472D-8928-F8ED60AD5C26}.Debug|Any CPU.ActiveCfg = Debug|Any CPU
		{8AC3C9B6-E6DA-472D-8928-F8ED60AD5C26}.Debug|Any CPU.Build.0 = Debug|Any CPU
		{8AC3C9B6-E6DA-472D-8928-F8ED60AD5C26}.Debug|x64.ActiveCfg = Debug|Any CPU
		{8AC3C9B6-E6DA-472D-8928-F8ED60AD5C26}.Debug|x64.Build.0 = Debug|Any CPU
		{8AC3C9B6-E6DA-472D-8928-F8ED60AD5C26}.Debug|x86.ActiveCfg = Debug|Any CPU
		{8AC3C9B6-E6DA-472D-8928-F8ED60AD5C26}.Debug|x86.Build.0 = Debug|Any CPU
		{8AC3C9B6-E6DA-472D-8928-F8ED60AD5C26}.Release|Any CPU.ActiveCfg = Release|Any CPU
		{8AC3C9B6-E6DA-472D-8928-F8ED60AD5C26}.Release|Any CPU.Build.0 = Release|Any CPU
		{8AC3C9B6-E6DA-472D-8928-F8ED60AD5C26}.Release|x64.ActiveCfg = Release|Any CPU
		{8AC3C9B6-E6DA-472D-8928-F8ED60AD5C26}.Release|x64.Build.0 = Release|Any CPU
		{8AC3C9B6-E6DA-472D-8928-F8ED60AD5C26}.Release|x86.ActiveCfg = Release|Any CPU
		{8AC3C9B6-E6DA-472D-8928-F8ED60AD5C26}.Release|x86.Build.0 = Release|Any CPU
		{E997D69D-5ADE-4C1E-8932-337E2AAE8453}.Debug|Any CPU.ActiveCfg = Debug|Any CPU
		{E997D69D-5ADE-4C1E-8932-337E2AAE8453}.Debug|Any CPU.Build.0 = Debug|Any CPU
		{E997D69D-5ADE-4C1E-8932-337E2AAE8453}.Debug|x64.ActiveCfg = Debug|Any CPU
		{E997D69D-5ADE-4C1E-8932-337E2AAE8453}.Debug|x64.Build.0 = Debug|Any CPU
		{E997D69D-5ADE-4C1E-8932-337E2AAE8453}.Debug|x86.ActiveCfg = Debug|Any CPU
		{E997D69D-5ADE-4C1E-8932-337E2AAE8453}.Debug|x86.Build.0 = Debug|Any CPU
		{E997D69D-5ADE-4C1E-8932-337E2AAE8453}.Release|Any CPU.ActiveCfg = Release|Any CPU
		{E997D69D-5ADE-4C1E-8932-337E2AAE8453}.Release|Any CPU.Build.0 = Release|Any CPU
		{E997D69D-5ADE-4C1E-8932-337E2AAE8453}.Release|x64.ActiveCfg = Release|Any CPU
		{E997D69D-5ADE-4C1E-8932-337E2AAE8453}.Release|x64.Build.0 = Release|Any CPU
		{E997D69D-5ADE-4C1E-8932-337E2AAE8453}.Release|x86.ActiveCfg = Release|Any CPU
		{E997D69D-5ADE-4C1E-8932-337E2AAE8453}.Release|x86.Build.0 = Release|Any CPU
		{9E1CB59A-8C9F-4917-8BA5-8A8D6892A8BB}.Debug|Any CPU.ActiveCfg = Debug|Any CPU
		{9E1CB59A-8C9F-4917-8BA5-8A8D6892A8BB}.Debug|Any CPU.Build.0 = Debug|Any CPU
		{9E1CB59A-8C9F-4917-8BA5-8A8D6892A8BB}.Debug|x64.ActiveCfg = Debug|Any CPU
		{9E1CB59A-8C9F-4917-8BA5-8A8D6892A8BB}.Debug|x64.Build.0 = Debug|Any CPU
		{9E1CB59A-8C9F-4917-8BA5-8A8D6892A8BB}.Debug|x86.ActiveCfg = Debug|Any CPU
		{9E1CB59A-8C9F-4917-8BA5-8A8D6892A8BB}.Debug|x86.Build.0 = Debug|Any CPU
		{9E1CB59A-8C9F-4917-8BA5-8A8D6892A8BB}.Release|Any CPU.ActiveCfg = Release|Any CPU
		{9E1CB59A-8C9F-4917-8BA5-8A8D6892A8BB}.Release|Any CPU.Build.0 = Release|Any CPU
		{9E1CB59A-8C9F-4917-8BA5-8A8D6892A8BB}.Release|x64.ActiveCfg = Release|Any CPU
		{9E1CB59A-8C9F-4917-8BA5-8A8D6892A8BB}.Release|x64.Build.0 = Release|Any CPU
		{9E1CB59A-8C9F-4917-8BA5-8A8D6892A8BB}.Release|x86.ActiveCfg = Release|Any CPU
		{9E1CB59A-8C9F-4917-8BA5-8A8D6892A8BB}.Release|x86.Build.0 = Release|Any CPU
		{D7EA13D4-7F2E-4723-B2A0-68F9D4CFB3AF}.Debug|Any CPU.ActiveCfg = Debug|Any CPU
		{D7EA13D4-7F2E-4723-B2A0-68F9D4CFB3AF}.Debug|Any CPU.Build.0 = Debug|Any CPU
		{D7EA13D4-7F2E-4723-B2A0-68F9D4CFB3AF}.Debug|x64.ActiveCfg = Debug|Any CPU
		{D7EA13D4-7F2E-4723-B2A0-68F9D4CFB3AF}.Debug|x64.Build.0 = Debug|Any CPU
		{D7EA13D4-7F2E-4723-B2A0-68F9D4CFB3AF}.Debug|x86.ActiveCfg = Debug|Any CPU
		{D7EA13D4-7F2E-4723-B2A0-68F9D4CFB3AF}.Debug|x86.Build.0 = Debug|Any CPU
		{D7EA13D4-7F2E-4723-B2A0-68F9D4CFB3AF}.Release|Any CPU.ActiveCfg = Release|Any CPU
		{D7EA13D4-7F2E-4723-B2A0-68F9D4CFB3AF}.Release|Any CPU.Build.0 = Release|Any CPU
		{D7EA13D4-7F2E-4723-B2A0-68F9D4CFB3AF}.Release|x64.ActiveCfg = Release|Any CPU
		{D7EA13D4-7F2E-4723-B2A0-68F9D4CFB3AF}.Release|x64.Build.0 = Release|Any CPU
		{D7EA13D4-7F2E-4723-B2A0-68F9D4CFB3AF}.Release|x86.ActiveCfg = Release|Any CPU
		{D7EA13D4-7F2E-4723-B2A0-68F9D4CFB3AF}.Release|x86.Build.0 = Release|Any CPU
		{96A5A1E2-77AF-4122-A176-17EC82109777}.Debug|Any CPU.ActiveCfg = Debug|Any CPU
		{96A5A1E2-77AF-4122-A176-17EC82109777}.Debug|Any CPU.Build.0 = Debug|Any CPU
		{96A5A1E2-77AF-4122-A176-17EC82109777}.Debug|x64.ActiveCfg = Debug|Any CPU
		{96A5A1E2-77AF-4122-A176-17EC82109777}.Debug|x64.Build.0 = Debug|Any CPU
		{96A5A1E2-77AF-4122-A176-17EC82109777}.Debug|x86.ActiveCfg = Debug|Any CPU
		{96A5A1E2-77AF-4122-A176-17EC82109777}.Debug|x86.Build.0 = Debug|Any CPU
		{96A5A1E2-77AF-4122-A176-17EC82109777}.Release|Any CPU.ActiveCfg = Release|Any CPU
		{96A5A1E2-77AF-4122-A176-17EC82109777}.Release|Any CPU.Build.0 = Release|Any CPU
		{96A5A1E2-77AF-4122-A176-17EC82109777}.Release|x64.ActiveCfg = Release|Any CPU
		{96A5A1E2-77AF-4122-A176-17EC82109777}.Release|x64.Build.0 = Release|Any CPU
		{96A5A1E2-77AF-4122-A176-17EC82109777}.Release|x86.ActiveCfg = Release|Any CPU
		{96A5A1E2-77AF-4122-A176-17EC82109777}.Release|x86.Build.0 = Release|Any CPU
		{25868EEA-E9D0-474C-BF6F-78FB4E600E59}.Debug|Any CPU.ActiveCfg = Debug|Any CPU
		{25868EEA-E9D0-474C-BF6F-78FB4E600E59}.Debug|Any CPU.Build.0 = Debug|Any CPU
		{25868EEA-E9D0-474C-BF6F-78FB4E600E59}.Debug|x64.ActiveCfg = Debug|Any CPU
		{25868EEA-E9D0-474C-BF6F-78FB4E600E59}.Debug|x64.Build.0 = Debug|Any CPU
		{25868EEA-E9D0-474C-BF6F-78FB4E600E59}.Debug|x86.ActiveCfg = Debug|Any CPU
		{25868EEA-E9D0-474C-BF6F-78FB4E600E59}.Debug|x86.Build.0 = Debug|Any CPU
		{25868EEA-E9D0-474C-BF6F-78FB4E600E59}.Release|Any CPU.ActiveCfg = Release|Any CPU
		{25868EEA-E9D0-474C-BF6F-78FB4E600E59}.Release|Any CPU.Build.0 = Release|Any CPU
		{25868EEA-E9D0-474C-BF6F-78FB4E600E59}.Release|x64.ActiveCfg = Release|Any CPU
		{25868EEA-E9D0-474C-BF6F-78FB4E600E59}.Release|x64.Build.0 = Release|Any CPU
		{25868EEA-E9D0-474C-BF6F-78FB4E600E59}.Release|x86.ActiveCfg = Release|Any CPU
		{25868EEA-E9D0-474C-BF6F-78FB4E600E59}.Release|x86.Build.0 = Release|Any CPU
		{40380963-B944-449D-9A30-647893C64595}.Debug|Any CPU.ActiveCfg = Debug|Any CPU
		{40380963-B944-449D-9A30-647893C64595}.Debug|Any CPU.Build.0 = Debug|Any CPU
		{40380963-B944-449D-9A30-647893C64595}.Debug|x64.ActiveCfg = Debug|Any CPU
		{40380963-B944-449D-9A30-647893C64595}.Debug|x64.Build.0 = Debug|Any CPU
		{40380963-B944-449D-9A30-647893C64595}.Debug|x86.ActiveCfg = Debug|Any CPU
		{40380963-B944-449D-9A30-647893C64595}.Debug|x86.Build.0 = Debug|Any CPU
		{40380963-B944-449D-9A30-647893C64595}.Release|Any CPU.ActiveCfg = Release|Any CPU
		{40380963-B944-449D-9A30-647893C64595}.Release|Any CPU.Build.0 = Release|Any CPU
		{40380963-B944-449D-9A30-647893C64595}.Release|x64.ActiveCfg = Release|Any CPU
		{40380963-B944-449D-9A30-647893C64595}.Release|x64.Build.0 = Release|Any CPU
		{40380963-B944-449D-9A30-647893C64595}.Release|x86.ActiveCfg = Release|Any CPU
		{40380963-B944-449D-9A30-647893C64595}.Release|x86.Build.0 = Release|Any CPU
		{F9763C4D-CA5B-47ED-86C9-0C44FF70ECF4}.Debug|Any CPU.ActiveCfg = Debug|Any CPU
		{F9763C4D-CA5B-47ED-86C9-0C44FF70ECF4}.Debug|Any CPU.Build.0 = Debug|Any CPU
		{F9763C4D-CA5B-47ED-86C9-0C44FF70ECF4}.Debug|x64.ActiveCfg = Debug|Any CPU
		{F9763C4D-CA5B-47ED-86C9-0C44FF70ECF4}.Debug|x64.Build.0 = Debug|Any CPU
		{F9763C4D-CA5B-47ED-86C9-0C44FF70ECF4}.Debug|x86.ActiveCfg = Debug|Any CPU
		{F9763C4D-CA5B-47ED-86C9-0C44FF70ECF4}.Debug|x86.Build.0 = Debug|Any CPU
		{F9763C4D-CA5B-47ED-86C9-0C44FF70ECF4}.Release|Any CPU.ActiveCfg = Release|Any CPU
		{F9763C4D-CA5B-47ED-86C9-0C44FF70ECF4}.Release|Any CPU.Build.0 = Release|Any CPU
		{F9763C4D-CA5B-47ED-86C9-0C44FF70ECF4}.Release|x64.ActiveCfg = Release|Any CPU
		{F9763C4D-CA5B-47ED-86C9-0C44FF70ECF4}.Release|x64.Build.0 = Release|Any CPU
		{F9763C4D-CA5B-47ED-86C9-0C44FF70ECF4}.Release|x86.ActiveCfg = Release|Any CPU
		{F9763C4D-CA5B-47ED-86C9-0C44FF70ECF4}.Release|x86.Build.0 = Release|Any CPU
		{E31229E3-6639-4943-909A-35F416262BF0}.Debug|Any CPU.ActiveCfg = Debug|Any CPU
		{E31229E3-6639-4943-909A-35F416262BF0}.Debug|Any CPU.Build.0 = Debug|Any CPU
		{E31229E3-6639-4943-909A-35F416262BF0}.Debug|x64.ActiveCfg = Debug|Any CPU
		{E31229E3-6639-4943-909A-35F416262BF0}.Debug|x64.Build.0 = Debug|Any CPU
		{E31229E3-6639-4943-909A-35F416262BF0}.Debug|x86.ActiveCfg = Debug|Any CPU
		{E31229E3-6639-4943-909A-35F416262BF0}.Debug|x86.Build.0 = Debug|Any CPU
		{E31229E3-6639-4943-909A-35F416262BF0}.Release|Any CPU.ActiveCfg = Release|Any CPU
		{E31229E3-6639-4943-909A-35F416262BF0}.Release|Any CPU.Build.0 = Release|Any CPU
		{E31229E3-6639-4943-909A-35F416262BF0}.Release|x64.ActiveCfg = Release|Any CPU
		{E31229E3-6639-4943-909A-35F416262BF0}.Release|x64.Build.0 = Release|Any CPU
		{E31229E3-6639-4943-909A-35F416262BF0}.Release|x86.ActiveCfg = Release|Any CPU
		{E31229E3-6639-4943-909A-35F416262BF0}.Release|x86.Build.0 = Release|Any CPU
		{E0D8C45B-EEF1-49B6-BF77-9357A22E878A}.Debug|Any CPU.ActiveCfg = Debug|Any CPU
		{E0D8C45B-EEF1-49B6-BF77-9357A22E878A}.Debug|Any CPU.Build.0 = Debug|Any CPU
		{E0D8C45B-EEF1-49B6-BF77-9357A22E878A}.Debug|x64.ActiveCfg = Debug|Any CPU
		{E0D8C45B-EEF1-49B6-BF77-9357A22E878A}.Debug|x64.Build.0 = Debug|Any CPU
		{E0D8C45B-EEF1-49B6-BF77-9357A22E878A}.Debug|x86.ActiveCfg = Debug|Any CPU
		{E0D8C45B-EEF1-49B6-BF77-9357A22E878A}.Debug|x86.Build.0 = Debug|Any CPU
		{E0D8C45B-EEF1-49B6-BF77-9357A22E878A}.Release|Any CPU.ActiveCfg = Release|Any CPU
		{E0D8C45B-EEF1-49B6-BF77-9357A22E878A}.Release|Any CPU.Build.0 = Release|Any CPU
		{E0D8C45B-EEF1-49B6-BF77-9357A22E878A}.Release|x64.ActiveCfg = Release|Any CPU
		{E0D8C45B-EEF1-49B6-BF77-9357A22E878A}.Release|x64.Build.0 = Release|Any CPU
		{E0D8C45B-EEF1-49B6-BF77-9357A22E878A}.Release|x86.ActiveCfg = Release|Any CPU
		{E0D8C45B-EEF1-49B6-BF77-9357A22E878A}.Release|x86.Build.0 = Release|Any CPU
		{729DD366-99A9-4ECA-A460-C44C0C693EA3}.Debug|Any CPU.ActiveCfg = Debug|Any CPU
		{729DD366-99A9-4ECA-A460-C44C0C693EA3}.Debug|Any CPU.Build.0 = Debug|Any CPU
		{729DD366-99A9-4ECA-A460-C44C0C693EA3}.Debug|x64.ActiveCfg = Debug|Any CPU
		{729DD366-99A9-4ECA-A460-C44C0C693EA3}.Debug|x64.Build.0 = Debug|Any CPU
		{729DD366-99A9-4ECA-A460-C44C0C693EA3}.Debug|x86.ActiveCfg = Debug|Any CPU
		{729DD366-99A9-4ECA-A460-C44C0C693EA3}.Debug|x86.Build.0 = Debug|Any CPU
		{729DD366-99A9-4ECA-A460-C44C0C693EA3}.Release|Any CPU.ActiveCfg = Release|Any CPU
		{729DD366-99A9-4ECA-A460-C44C0C693EA3}.Release|Any CPU.Build.0 = Release|Any CPU
		{729DD366-99A9-4ECA-A460-C44C0C693EA3}.Release|x64.ActiveCfg = Release|Any CPU
		{729DD366-99A9-4ECA-A460-C44C0C693EA3}.Release|x64.Build.0 = Release|Any CPU
		{729DD366-99A9-4ECA-A460-C44C0C693EA3}.Release|x86.ActiveCfg = Release|Any CPU
		{729DD366-99A9-4ECA-A460-C44C0C693EA3}.Release|x86.Build.0 = Release|Any CPU
		{94829BAC-B163-4D75-A5BD-D141E153D3FD}.Debug|Any CPU.ActiveCfg = Debug|Any CPU
		{94829BAC-B163-4D75-A5BD-D141E153D3FD}.Debug|Any CPU.Build.0 = Debug|Any CPU
		{94829BAC-B163-4D75-A5BD-D141E153D3FD}.Debug|x64.ActiveCfg = Debug|Any CPU
		{94829BAC-B163-4D75-A5BD-D141E153D3FD}.Debug|x64.Build.0 = Debug|Any CPU
		{94829BAC-B163-4D75-A5BD-D141E153D3FD}.Debug|x86.ActiveCfg = Debug|Any CPU
		{94829BAC-B163-4D75-A5BD-D141E153D3FD}.Debug|x86.Build.0 = Debug|Any CPU
		{94829BAC-B163-4D75-A5BD-D141E153D3FD}.Release|Any CPU.ActiveCfg = Release|Any CPU
		{94829BAC-B163-4D75-A5BD-D141E153D3FD}.Release|Any CPU.Build.0 = Release|Any CPU
		{94829BAC-B163-4D75-A5BD-D141E153D3FD}.Release|x64.ActiveCfg = Release|Any CPU
		{94829BAC-B163-4D75-A5BD-D141E153D3FD}.Release|x64.Build.0 = Release|Any CPU
		{94829BAC-B163-4D75-A5BD-D141E153D3FD}.Release|x86.ActiveCfg = Release|Any CPU
		{94829BAC-B163-4D75-A5BD-D141E153D3FD}.Release|x86.Build.0 = Release|Any CPU
		{9FC729D5-5D9A-4D04-8A06-49CC20DAD92C}.Debug|Any CPU.ActiveCfg = Debug|Any CPU
		{9FC729D5-5D9A-4D04-8A06-49CC20DAD92C}.Debug|Any CPU.Build.0 = Debug|Any CPU
		{9FC729D5-5D9A-4D04-8A06-49CC20DAD92C}.Debug|x64.ActiveCfg = Debug|Any CPU
		{9FC729D5-5D9A-4D04-8A06-49CC20DAD92C}.Debug|x64.Build.0 = Debug|Any CPU
		{9FC729D5-5D9A-4D04-8A06-49CC20DAD92C}.Debug|x86.ActiveCfg = Debug|Any CPU
		{9FC729D5-5D9A-4D04-8A06-49CC20DAD92C}.Debug|x86.Build.0 = Debug|Any CPU
		{9FC729D5-5D9A-4D04-8A06-49CC20DAD92C}.Release|Any CPU.ActiveCfg = Release|Any CPU
		{9FC729D5-5D9A-4D04-8A06-49CC20DAD92C}.Release|Any CPU.Build.0 = Release|Any CPU
		{9FC729D5-5D9A-4D04-8A06-49CC20DAD92C}.Release|x64.ActiveCfg = Release|Any CPU
		{9FC729D5-5D9A-4D04-8A06-49CC20DAD92C}.Release|x64.Build.0 = Release|Any CPU
		{9FC729D5-5D9A-4D04-8A06-49CC20DAD92C}.Release|x86.ActiveCfg = Release|Any CPU
		{9FC729D5-5D9A-4D04-8A06-49CC20DAD92C}.Release|x86.Build.0 = Release|Any CPU
		{C279FCD5-4702-4839-A993-FCBE7165EA63}.Debug|Any CPU.ActiveCfg = Debug|Any CPU
		{C279FCD5-4702-4839-A993-FCBE7165EA63}.Debug|Any CPU.Build.0 = Debug|Any CPU
		{C279FCD5-4702-4839-A993-FCBE7165EA63}.Debug|x64.ActiveCfg = Debug|Any CPU
		{C279FCD5-4702-4839-A993-FCBE7165EA63}.Debug|x64.Build.0 = Debug|Any CPU
		{C279FCD5-4702-4839-A993-FCBE7165EA63}.Debug|x86.ActiveCfg = Debug|Any CPU
		{C279FCD5-4702-4839-A993-FCBE7165EA63}.Debug|x86.Build.0 = Debug|Any CPU
		{C279FCD5-4702-4839-A993-FCBE7165EA63}.Release|Any CPU.ActiveCfg = Release|Any CPU
		{C279FCD5-4702-4839-A993-FCBE7165EA63}.Release|Any CPU.Build.0 = Release|Any CPU
		{C279FCD5-4702-4839-A993-FCBE7165EA63}.Release|x64.ActiveCfg = Release|Any CPU
		{C279FCD5-4702-4839-A993-FCBE7165EA63}.Release|x64.Build.0 = Release|Any CPU
		{C279FCD5-4702-4839-A993-FCBE7165EA63}.Release|x86.ActiveCfg = Release|Any CPU
		{C279FCD5-4702-4839-A993-FCBE7165EA63}.Release|x86.Build.0 = Release|Any CPU
		{29CDA092-3989-4BB3-B80E-4FF7D2FDA5B6}.Debug|Any CPU.ActiveCfg = Debug|Any CPU
		{29CDA092-3989-4BB3-B80E-4FF7D2FDA5B6}.Debug|Any CPU.Build.0 = Debug|Any CPU
		{29CDA092-3989-4BB3-B80E-4FF7D2FDA5B6}.Debug|x64.ActiveCfg = Debug|Any CPU
		{29CDA092-3989-4BB3-B80E-4FF7D2FDA5B6}.Debug|x64.Build.0 = Debug|Any CPU
		{29CDA092-3989-4BB3-B80E-4FF7D2FDA5B6}.Debug|x86.ActiveCfg = Debug|Any CPU
		{29CDA092-3989-4BB3-B80E-4FF7D2FDA5B6}.Debug|x86.Build.0 = Debug|Any CPU
		{29CDA092-3989-4BB3-B80E-4FF7D2FDA5B6}.Release|Any CPU.ActiveCfg = Release|Any CPU
		{29CDA092-3989-4BB3-B80E-4FF7D2FDA5B6}.Release|Any CPU.Build.0 = Release|Any CPU
		{29CDA092-3989-4BB3-B80E-4FF7D2FDA5B6}.Release|x64.ActiveCfg = Release|Any CPU
		{29CDA092-3989-4BB3-B80E-4FF7D2FDA5B6}.Release|x64.Build.0 = Release|Any CPU
		{29CDA092-3989-4BB3-B80E-4FF7D2FDA5B6}.Release|x86.ActiveCfg = Release|Any CPU
		{29CDA092-3989-4BB3-B80E-4FF7D2FDA5B6}.Release|x86.Build.0 = Release|Any CPU
		{3E1CCB09-9228-492B-B03C-DA96B64101EC}.Debug|Any CPU.ActiveCfg = Debug|Any CPU
		{3E1CCB09-9228-492B-B03C-DA96B64101EC}.Debug|Any CPU.Build.0 = Debug|Any CPU
		{3E1CCB09-9228-492B-B03C-DA96B64101EC}.Debug|x64.ActiveCfg = Debug|Any CPU
		{3E1CCB09-9228-492B-B03C-DA96B64101EC}.Debug|x64.Build.0 = Debug|Any CPU
		{3E1CCB09-9228-492B-B03C-DA96B64101EC}.Debug|x86.ActiveCfg = Debug|Any CPU
		{3E1CCB09-9228-492B-B03C-DA96B64101EC}.Debug|x86.Build.0 = Debug|Any CPU
		{3E1CCB09-9228-492B-B03C-DA96B64101EC}.Release|Any CPU.ActiveCfg = Release|Any CPU
		{3E1CCB09-9228-492B-B03C-DA96B64101EC}.Release|Any CPU.Build.0 = Release|Any CPU
		{3E1CCB09-9228-492B-B03C-DA96B64101EC}.Release|x64.ActiveCfg = Release|Any CPU
		{3E1CCB09-9228-492B-B03C-DA96B64101EC}.Release|x64.Build.0 = Release|Any CPU
		{3E1CCB09-9228-492B-B03C-DA96B64101EC}.Release|x86.ActiveCfg = Release|Any CPU
		{3E1CCB09-9228-492B-B03C-DA96B64101EC}.Release|x86.Build.0 = Release|Any CPU
		{F1A6BF48-B7A9-430D-A864-0F635FAFC677}.Debug|Any CPU.ActiveCfg = Debug|Any CPU
		{F1A6BF48-B7A9-430D-A864-0F635FAFC677}.Debug|Any CPU.Build.0 = Debug|Any CPU
		{F1A6BF48-B7A9-430D-A864-0F635FAFC677}.Debug|x64.ActiveCfg = Debug|Any CPU
		{F1A6BF48-B7A9-430D-A864-0F635FAFC677}.Debug|x64.Build.0 = Debug|Any CPU
		{F1A6BF48-B7A9-430D-A864-0F635FAFC677}.Debug|x86.ActiveCfg = Debug|Any CPU
		{F1A6BF48-B7A9-430D-A864-0F635FAFC677}.Debug|x86.Build.0 = Debug|Any CPU
		{F1A6BF48-B7A9-430D-A864-0F635FAFC677}.Release|Any CPU.ActiveCfg = Release|Any CPU
		{F1A6BF48-B7A9-430D-A864-0F635FAFC677}.Release|Any CPU.Build.0 = Release|Any CPU
		{F1A6BF48-B7A9-430D-A864-0F635FAFC677}.Release|x64.ActiveCfg = Release|Any CPU
		{F1A6BF48-B7A9-430D-A864-0F635FAFC677}.Release|x64.Build.0 = Release|Any CPU
		{F1A6BF48-B7A9-430D-A864-0F635FAFC677}.Release|x86.ActiveCfg = Release|Any CPU
		{F1A6BF48-B7A9-430D-A864-0F635FAFC677}.Release|x86.Build.0 = Release|Any CPU
		{4CC569B6-700E-4150-890E-1EA05B392EA4}.Debug|Any CPU.ActiveCfg = Debug|Any CPU
		{4CC569B6-700E-4150-890E-1EA05B392EA4}.Debug|Any CPU.Build.0 = Debug|Any CPU
		{4CC569B6-700E-4150-890E-1EA05B392EA4}.Debug|x64.ActiveCfg = Debug|Any CPU
		{4CC569B6-700E-4150-890E-1EA05B392EA4}.Debug|x64.Build.0 = Debug|Any CPU
		{4CC569B6-700E-4150-890E-1EA05B392EA4}.Debug|x86.ActiveCfg = Debug|Any CPU
		{4CC569B6-700E-4150-890E-1EA05B392EA4}.Debug|x86.Build.0 = Debug|Any CPU
		{4CC569B6-700E-4150-890E-1EA05B392EA4}.Release|Any CPU.ActiveCfg = Release|Any CPU
		{4CC569B6-700E-4150-890E-1EA05B392EA4}.Release|Any CPU.Build.0 = Release|Any CPU
		{4CC569B6-700E-4150-890E-1EA05B392EA4}.Release|x64.ActiveCfg = Release|Any CPU
		{4CC569B6-700E-4150-890E-1EA05B392EA4}.Release|x64.Build.0 = Release|Any CPU
		{4CC569B6-700E-4150-890E-1EA05B392EA4}.Release|x86.ActiveCfg = Release|Any CPU
		{4CC569B6-700E-4150-890E-1EA05B392EA4}.Release|x86.Build.0 = Release|Any CPU
		{D7C98773-96C3-47EF-9697-2A1BB8F19A9A}.Debug|Any CPU.ActiveCfg = Debug|Any CPU
		{D7C98773-96C3-47EF-9697-2A1BB8F19A9A}.Debug|Any CPU.Build.0 = Debug|Any CPU
		{D7C98773-96C3-47EF-9697-2A1BB8F19A9A}.Debug|x64.ActiveCfg = Debug|Any CPU
		{D7C98773-96C3-47EF-9697-2A1BB8F19A9A}.Debug|x64.Build.0 = Debug|Any CPU
		{D7C98773-96C3-47EF-9697-2A1BB8F19A9A}.Debug|x86.ActiveCfg = Debug|Any CPU
		{D7C98773-96C3-47EF-9697-2A1BB8F19A9A}.Debug|x86.Build.0 = Debug|Any CPU
		{D7C98773-96C3-47EF-9697-2A1BB8F19A9A}.Release|Any CPU.ActiveCfg = Release|Any CPU
		{D7C98773-96C3-47EF-9697-2A1BB8F19A9A}.Release|Any CPU.Build.0 = Release|Any CPU
		{D7C98773-96C3-47EF-9697-2A1BB8F19A9A}.Release|x64.ActiveCfg = Release|Any CPU
		{D7C98773-96C3-47EF-9697-2A1BB8F19A9A}.Release|x64.Build.0 = Release|Any CPU
		{D7C98773-96C3-47EF-9697-2A1BB8F19A9A}.Release|x86.ActiveCfg = Release|Any CPU
		{D7C98773-96C3-47EF-9697-2A1BB8F19A9A}.Release|x86.Build.0 = Release|Any CPU
		{0B60A562-AAB0-415C-A047-369AA93C1278}.Debug|Any CPU.ActiveCfg = Debug|Any CPU
		{0B60A562-AAB0-415C-A047-369AA93C1278}.Debug|Any CPU.Build.0 = Debug|Any CPU
		{0B60A562-AAB0-415C-A047-369AA93C1278}.Debug|x64.ActiveCfg = Debug|Any CPU
		{0B60A562-AAB0-415C-A047-369AA93C1278}.Debug|x64.Build.0 = Debug|Any CPU
		{0B60A562-AAB0-415C-A047-369AA93C1278}.Debug|x86.ActiveCfg = Debug|Any CPU
		{0B60A562-AAB0-415C-A047-369AA93C1278}.Debug|x86.Build.0 = Debug|Any CPU
		{0B60A562-AAB0-415C-A047-369AA93C1278}.Release|Any CPU.ActiveCfg = Release|Any CPU
		{0B60A562-AAB0-415C-A047-369AA93C1278}.Release|Any CPU.Build.0 = Release|Any CPU
		{0B60A562-AAB0-415C-A047-369AA93C1278}.Release|x64.ActiveCfg = Release|Any CPU
		{0B60A562-AAB0-415C-A047-369AA93C1278}.Release|x64.Build.0 = Release|Any CPU
		{0B60A562-AAB0-415C-A047-369AA93C1278}.Release|x86.ActiveCfg = Release|Any CPU
		{0B60A562-AAB0-415C-A047-369AA93C1278}.Release|x86.Build.0 = Release|Any CPU
		{C7A337C4-2A9C-4ADA-8F66-38AEFEEE0998}.Debug|Any CPU.ActiveCfg = Debug|Any CPU
		{C7A337C4-2A9C-4ADA-8F66-38AEFEEE0998}.Debug|Any CPU.Build.0 = Debug|Any CPU
		{C7A337C4-2A9C-4ADA-8F66-38AEFEEE0998}.Debug|x64.ActiveCfg = Debug|Any CPU
		{C7A337C4-2A9C-4ADA-8F66-38AEFEEE0998}.Debug|x64.Build.0 = Debug|Any CPU
		{C7A337C4-2A9C-4ADA-8F66-38AEFEEE0998}.Debug|x86.ActiveCfg = Debug|Any CPU
		{C7A337C4-2A9C-4ADA-8F66-38AEFEEE0998}.Debug|x86.Build.0 = Debug|Any CPU
		{C7A337C4-2A9C-4ADA-8F66-38AEFEEE0998}.Release|Any CPU.ActiveCfg = Release|Any CPU
		{C7A337C4-2A9C-4ADA-8F66-38AEFEEE0998}.Release|Any CPU.Build.0 = Release|Any CPU
		{C7A337C4-2A9C-4ADA-8F66-38AEFEEE0998}.Release|x64.ActiveCfg = Release|Any CPU
		{C7A337C4-2A9C-4ADA-8F66-38AEFEEE0998}.Release|x64.Build.0 = Release|Any CPU
		{C7A337C4-2A9C-4ADA-8F66-38AEFEEE0998}.Release|x86.ActiveCfg = Release|Any CPU
		{C7A337C4-2A9C-4ADA-8F66-38AEFEEE0998}.Release|x86.Build.0 = Release|Any CPU
		{55E23BD8-87AD-4916-902B-F778F67E55DA}.Debug|Any CPU.ActiveCfg = Debug|Any CPU
		{55E23BD8-87AD-4916-902B-F778F67E55DA}.Debug|Any CPU.Build.0 = Debug|Any CPU
		{55E23BD8-87AD-4916-902B-F778F67E55DA}.Debug|x64.ActiveCfg = Debug|Any CPU
		{55E23BD8-87AD-4916-902B-F778F67E55DA}.Debug|x64.Build.0 = Debug|Any CPU
		{55E23BD8-87AD-4916-902B-F778F67E55DA}.Debug|x86.ActiveCfg = Debug|Any CPU
		{55E23BD8-87AD-4916-902B-F778F67E55DA}.Debug|x86.Build.0 = Debug|Any CPU
		{55E23BD8-87AD-4916-902B-F778F67E55DA}.Release|Any CPU.ActiveCfg = Release|Any CPU
		{55E23BD8-87AD-4916-902B-F778F67E55DA}.Release|Any CPU.Build.0 = Release|Any CPU
		{55E23BD8-87AD-4916-902B-F778F67E55DA}.Release|x64.ActiveCfg = Release|Any CPU
		{55E23BD8-87AD-4916-902B-F778F67E55DA}.Release|x64.Build.0 = Release|Any CPU
		{55E23BD8-87AD-4916-902B-F778F67E55DA}.Release|x86.ActiveCfg = Release|Any CPU
		{55E23BD8-87AD-4916-902B-F778F67E55DA}.Release|x86.Build.0 = Release|Any CPU
		{1A297AA0-8166-4AB7-8965-4492840383B4}.Debug|Any CPU.ActiveCfg = Debug|Any CPU
		{1A297AA0-8166-4AB7-8965-4492840383B4}.Debug|Any CPU.Build.0 = Debug|Any CPU
		{1A297AA0-8166-4AB7-8965-4492840383B4}.Debug|x64.ActiveCfg = Debug|Any CPU
		{1A297AA0-8166-4AB7-8965-4492840383B4}.Debug|x64.Build.0 = Debug|Any CPU
		{1A297AA0-8166-4AB7-8965-4492840383B4}.Debug|x86.ActiveCfg = Debug|Any CPU
		{1A297AA0-8166-4AB7-8965-4492840383B4}.Debug|x86.Build.0 = Debug|Any CPU
		{1A297AA0-8166-4AB7-8965-4492840383B4}.Release|Any CPU.ActiveCfg = Release|Any CPU
		{1A297AA0-8166-4AB7-8965-4492840383B4}.Release|Any CPU.Build.0 = Release|Any CPU
		{1A297AA0-8166-4AB7-8965-4492840383B4}.Release|x64.ActiveCfg = Release|Any CPU
		{1A297AA0-8166-4AB7-8965-4492840383B4}.Release|x64.Build.0 = Release|Any CPU
		{1A297AA0-8166-4AB7-8965-4492840383B4}.Release|x86.ActiveCfg = Release|Any CPU
		{1A297AA0-8166-4AB7-8965-4492840383B4}.Release|x86.Build.0 = Release|Any CPU
		{FD098B4B-D990-4986-B4E3-83971994FD7F}.Debug|Any CPU.ActiveCfg = Debug|Any CPU
		{FD098B4B-D990-4986-B4E3-83971994FD7F}.Debug|Any CPU.Build.0 = Debug|Any CPU
		{FD098B4B-D990-4986-B4E3-83971994FD7F}.Debug|x64.ActiveCfg = Debug|Any CPU
		{FD098B4B-D990-4986-B4E3-83971994FD7F}.Debug|x64.Build.0 = Debug|Any CPU
		{FD098B4B-D990-4986-B4E3-83971994FD7F}.Debug|x86.ActiveCfg = Debug|Any CPU
		{FD098B4B-D990-4986-B4E3-83971994FD7F}.Debug|x86.Build.0 = Debug|Any CPU
		{FD098B4B-D990-4986-B4E3-83971994FD7F}.Release|Any CPU.ActiveCfg = Release|Any CPU
		{FD098B4B-D990-4986-B4E3-83971994FD7F}.Release|Any CPU.Build.0 = Release|Any CPU
		{FD098B4B-D990-4986-B4E3-83971994FD7F}.Release|x64.ActiveCfg = Release|Any CPU
		{FD098B4B-D990-4986-B4E3-83971994FD7F}.Release|x64.Build.0 = Release|Any CPU
		{FD098B4B-D990-4986-B4E3-83971994FD7F}.Release|x86.ActiveCfg = Release|Any CPU
		{FD098B4B-D990-4986-B4E3-83971994FD7F}.Release|x86.Build.0 = Release|Any CPU
		{2F183234-0C60-412E-A11B-43E8727F4DA8}.Debug|Any CPU.ActiveCfg = Debug|Any CPU
		{2F183234-0C60-412E-A11B-43E8727F4DA8}.Debug|Any CPU.Build.0 = Debug|Any CPU
		{2F183234-0C60-412E-A11B-43E8727F4DA8}.Debug|x64.ActiveCfg = Debug|Any CPU
		{2F183234-0C60-412E-A11B-43E8727F4DA8}.Debug|x64.Build.0 = Debug|Any CPU
		{2F183234-0C60-412E-A11B-43E8727F4DA8}.Debug|x86.ActiveCfg = Debug|Any CPU
		{2F183234-0C60-412E-A11B-43E8727F4DA8}.Debug|x86.Build.0 = Debug|Any CPU
		{2F183234-0C60-412E-A11B-43E8727F4DA8}.Release|Any CPU.ActiveCfg = Release|Any CPU
		{2F183234-0C60-412E-A11B-43E8727F4DA8}.Release|Any CPU.Build.0 = Release|Any CPU
		{2F183234-0C60-412E-A11B-43E8727F4DA8}.Release|x64.ActiveCfg = Release|Any CPU
		{2F183234-0C60-412E-A11B-43E8727F4DA8}.Release|x64.Build.0 = Release|Any CPU
		{2F183234-0C60-412E-A11B-43E8727F4DA8}.Release|x86.ActiveCfg = Release|Any CPU
		{2F183234-0C60-412E-A11B-43E8727F4DA8}.Release|x86.Build.0 = Release|Any CPU
		{3430A12E-C302-4F61-BAA0-08B020E3EF91}.Debug|Any CPU.ActiveCfg = Debug|Any CPU
		{3430A12E-C302-4F61-BAA0-08B020E3EF91}.Debug|Any CPU.Build.0 = Debug|Any CPU
		{3430A12E-C302-4F61-BAA0-08B020E3EF91}.Debug|x64.ActiveCfg = Debug|Any CPU
		{3430A12E-C302-4F61-BAA0-08B020E3EF91}.Debug|x64.Build.0 = Debug|Any CPU
		{3430A12E-C302-4F61-BAA0-08B020E3EF91}.Debug|x86.ActiveCfg = Debug|Any CPU
		{3430A12E-C302-4F61-BAA0-08B020E3EF91}.Debug|x86.Build.0 = Debug|Any CPU
		{3430A12E-C302-4F61-BAA0-08B020E3EF91}.Release|Any CPU.ActiveCfg = Release|Any CPU
		{3430A12E-C302-4F61-BAA0-08B020E3EF91}.Release|Any CPU.Build.0 = Release|Any CPU
		{3430A12E-C302-4F61-BAA0-08B020E3EF91}.Release|x64.ActiveCfg = Release|Any CPU
		{3430A12E-C302-4F61-BAA0-08B020E3EF91}.Release|x64.Build.0 = Release|Any CPU
		{3430A12E-C302-4F61-BAA0-08B020E3EF91}.Release|x86.ActiveCfg = Release|Any CPU
		{3430A12E-C302-4F61-BAA0-08B020E3EF91}.Release|x86.Build.0 = Release|Any CPU
		{47B7CAEE-A049-495E-9E3A-87337AE68247}.Debug|Any CPU.ActiveCfg = Debug|Any CPU
		{47B7CAEE-A049-495E-9E3A-87337AE68247}.Debug|Any CPU.Build.0 = Debug|Any CPU
		{47B7CAEE-A049-495E-9E3A-87337AE68247}.Debug|x64.ActiveCfg = Debug|Any CPU
		{47B7CAEE-A049-495E-9E3A-87337AE68247}.Debug|x64.Build.0 = Debug|Any CPU
		{47B7CAEE-A049-495E-9E3A-87337AE68247}.Debug|x86.ActiveCfg = Debug|Any CPU
		{47B7CAEE-A049-495E-9E3A-87337AE68247}.Debug|x86.Build.0 = Debug|Any CPU
		{47B7CAEE-A049-495E-9E3A-87337AE68247}.Release|Any CPU.ActiveCfg = Release|Any CPU
		{47B7CAEE-A049-495E-9E3A-87337AE68247}.Release|Any CPU.Build.0 = Release|Any CPU
		{47B7CAEE-A049-495E-9E3A-87337AE68247}.Release|x64.ActiveCfg = Release|Any CPU
		{47B7CAEE-A049-495E-9E3A-87337AE68247}.Release|x64.Build.0 = Release|Any CPU
		{47B7CAEE-A049-495E-9E3A-87337AE68247}.Release|x86.ActiveCfg = Release|Any CPU
		{47B7CAEE-A049-495E-9E3A-87337AE68247}.Release|x86.Build.0 = Release|Any CPU
		{2FF56102-07AC-4103-B6AD-2FA122EF22FF}.Debug|Any CPU.ActiveCfg = Debug|Any CPU
		{2FF56102-07AC-4103-B6AD-2FA122EF22FF}.Debug|Any CPU.Build.0 = Debug|Any CPU
		{2FF56102-07AC-4103-B6AD-2FA122EF22FF}.Debug|x64.ActiveCfg = Debug|Any CPU
		{2FF56102-07AC-4103-B6AD-2FA122EF22FF}.Debug|x64.Build.0 = Debug|Any CPU
		{2FF56102-07AC-4103-B6AD-2FA122EF22FF}.Debug|x86.ActiveCfg = Debug|Any CPU
		{2FF56102-07AC-4103-B6AD-2FA122EF22FF}.Debug|x86.Build.0 = Debug|Any CPU
		{2FF56102-07AC-4103-B6AD-2FA122EF22FF}.Release|Any CPU.ActiveCfg = Release|Any CPU
		{2FF56102-07AC-4103-B6AD-2FA122EF22FF}.Release|Any CPU.Build.0 = Release|Any CPU
		{2FF56102-07AC-4103-B6AD-2FA122EF22FF}.Release|x64.ActiveCfg = Release|Any CPU
		{2FF56102-07AC-4103-B6AD-2FA122EF22FF}.Release|x64.Build.0 = Release|Any CPU
		{2FF56102-07AC-4103-B6AD-2FA122EF22FF}.Release|x86.ActiveCfg = Release|Any CPU
		{2FF56102-07AC-4103-B6AD-2FA122EF22FF}.Release|x86.Build.0 = Release|Any CPU
		{B3142DA8-FD44-45CA-A1FD-0E11014499EC}.Debug|Any CPU.ActiveCfg = Debug|Any CPU
		{B3142DA8-FD44-45CA-A1FD-0E11014499EC}.Debug|Any CPU.Build.0 = Debug|Any CPU
		{B3142DA8-FD44-45CA-A1FD-0E11014499EC}.Debug|x64.ActiveCfg = Debug|Any CPU
		{B3142DA8-FD44-45CA-A1FD-0E11014499EC}.Debug|x64.Build.0 = Debug|Any CPU
		{B3142DA8-FD44-45CA-A1FD-0E11014499EC}.Debug|x86.ActiveCfg = Debug|Any CPU
		{B3142DA8-FD44-45CA-A1FD-0E11014499EC}.Debug|x86.Build.0 = Debug|Any CPU
		{B3142DA8-FD44-45CA-A1FD-0E11014499EC}.Release|Any CPU.ActiveCfg = Release|Any CPU
		{B3142DA8-FD44-45CA-A1FD-0E11014499EC}.Release|Any CPU.Build.0 = Release|Any CPU
		{B3142DA8-FD44-45CA-A1FD-0E11014499EC}.Release|x64.ActiveCfg = Release|Any CPU
		{B3142DA8-FD44-45CA-A1FD-0E11014499EC}.Release|x64.Build.0 = Release|Any CPU
		{B3142DA8-FD44-45CA-A1FD-0E11014499EC}.Release|x86.ActiveCfg = Release|Any CPU
		{B3142DA8-FD44-45CA-A1FD-0E11014499EC}.Release|x86.Build.0 = Release|Any CPU
		{A733B60C-1B78-4085-A915-9E4D697D7EC6}.Debug|Any CPU.ActiveCfg = Debug|Any CPU
		{A733B60C-1B78-4085-A915-9E4D697D7EC6}.Debug|Any CPU.Build.0 = Debug|Any CPU
		{A733B60C-1B78-4085-A915-9E4D697D7EC6}.Debug|x64.ActiveCfg = Debug|Any CPU
		{A733B60C-1B78-4085-A915-9E4D697D7EC6}.Debug|x64.Build.0 = Debug|Any CPU
		{A733B60C-1B78-4085-A915-9E4D697D7EC6}.Debug|x86.ActiveCfg = Debug|Any CPU
		{A733B60C-1B78-4085-A915-9E4D697D7EC6}.Debug|x86.Build.0 = Debug|Any CPU
		{A733B60C-1B78-4085-A915-9E4D697D7EC6}.Release|Any CPU.ActiveCfg = Release|Any CPU
		{A733B60C-1B78-4085-A915-9E4D697D7EC6}.Release|Any CPU.Build.0 = Release|Any CPU
		{A733B60C-1B78-4085-A915-9E4D697D7EC6}.Release|x64.ActiveCfg = Release|Any CPU
		{A733B60C-1B78-4085-A915-9E4D697D7EC6}.Release|x64.Build.0 = Release|Any CPU
		{A733B60C-1B78-4085-A915-9E4D697D7EC6}.Release|x86.ActiveCfg = Release|Any CPU
		{A733B60C-1B78-4085-A915-9E4D697D7EC6}.Release|x86.Build.0 = Release|Any CPU
		{8394BD2E-1319-4CC5-880F-10947E5921C2}.Debug|Any CPU.ActiveCfg = Debug|Any CPU
		{8394BD2E-1319-4CC5-880F-10947E5921C2}.Debug|Any CPU.Build.0 = Debug|Any CPU
		{8394BD2E-1319-4CC5-880F-10947E5921C2}.Debug|x64.ActiveCfg = Debug|Any CPU
		{8394BD2E-1319-4CC5-880F-10947E5921C2}.Debug|x64.Build.0 = Debug|Any CPU
		{8394BD2E-1319-4CC5-880F-10947E5921C2}.Debug|x86.ActiveCfg = Debug|Any CPU
		{8394BD2E-1319-4CC5-880F-10947E5921C2}.Debug|x86.Build.0 = Debug|Any CPU
		{8394BD2E-1319-4CC5-880F-10947E5921C2}.Release|Any CPU.ActiveCfg = Release|Any CPU
		{8394BD2E-1319-4CC5-880F-10947E5921C2}.Release|Any CPU.Build.0 = Release|Any CPU
		{8394BD2E-1319-4CC5-880F-10947E5921C2}.Release|x64.ActiveCfg = Release|Any CPU
		{8394BD2E-1319-4CC5-880F-10947E5921C2}.Release|x64.Build.0 = Release|Any CPU
		{8394BD2E-1319-4CC5-880F-10947E5921C2}.Release|x86.ActiveCfg = Release|Any CPU
		{8394BD2E-1319-4CC5-880F-10947E5921C2}.Release|x86.Build.0 = Release|Any CPU
		{D9B5F3A1-2C4E-4F8B-9A1D-8E7F3C6D2B5A}.Debug|Any CPU.ActiveCfg = Debug|Any CPU
		{D9B5F3A1-2C4E-4F8B-9A1D-8E7F3C6D2B5A}.Debug|Any CPU.Build.0 = Debug|Any CPU
		{D9B5F3A1-2C4E-4F8B-9A1D-8E7F3C6D2B5A}.Debug|x64.ActiveCfg = Debug|Any CPU
		{D9B5F3A1-2C4E-4F8B-9A1D-8E7F3C6D2B5A}.Debug|x64.Build.0 = Debug|Any CPU
		{D9B5F3A1-2C4E-4F8B-9A1D-8E7F3C6D2B5A}.Debug|x86.ActiveCfg = Debug|Any CPU
		{D9B5F3A1-2C4E-4F8B-9A1D-8E7F3C6D2B5A}.Debug|x86.Build.0 = Debug|Any CPU
		{D9B5F3A1-2C4E-4F8B-9A1D-8E7F3C6D2B5A}.Release|Any CPU.ActiveCfg = Release|Any CPU
		{D9B5F3A1-2C4E-4F8B-9A1D-8E7F3C6D2B5A}.Release|Any CPU.Build.0 = Release|Any CPU
		{D9B5F3A1-2C4E-4F8B-9A1D-8E7F3C6D2B5A}.Release|x64.ActiveCfg = Release|Any CPU
		{D9B5F3A1-2C4E-4F8B-9A1D-8E7F3C6D2B5A}.Release|x64.Build.0 = Release|Any CPU
		{D9B5F3A1-2C4E-4F8B-9A1D-8E7F3C6D2B5A}.Release|x86.ActiveCfg = Release|Any CPU
		{D9B5F3A1-2C4E-4F8B-9A1D-8E7F3C6D2B5A}.Release|x86.Build.0 = Release|Any CPU
		{CB3848D1-7727-4CF1-A243-747C3BAD05C1}.Debug|Any CPU.ActiveCfg = Debug|Any CPU
		{CB3848D1-7727-4CF1-A243-747C3BAD05C1}.Debug|Any CPU.Build.0 = Debug|Any CPU
		{CB3848D1-7727-4CF1-A243-747C3BAD05C1}.Debug|x64.ActiveCfg = Debug|Any CPU
		{CB3848D1-7727-4CF1-A243-747C3BAD05C1}.Debug|x64.Build.0 = Debug|Any CPU
		{CB3848D1-7727-4CF1-A243-747C3BAD05C1}.Debug|x86.ActiveCfg = Debug|Any CPU
		{CB3848D1-7727-4CF1-A243-747C3BAD05C1}.Debug|x86.Build.0 = Debug|Any CPU
		{CB3848D1-7727-4CF1-A243-747C3BAD05C1}.Release|Any CPU.ActiveCfg = Release|Any CPU
		{CB3848D1-7727-4CF1-A243-747C3BAD05C1}.Release|Any CPU.Build.0 = Release|Any CPU
		{CB3848D1-7727-4CF1-A243-747C3BAD05C1}.Release|x64.ActiveCfg = Release|Any CPU
		{CB3848D1-7727-4CF1-A243-747C3BAD05C1}.Release|x64.Build.0 = Release|Any CPU
		{CB3848D1-7727-4CF1-A243-747C3BAD05C1}.Release|x86.ActiveCfg = Release|Any CPU
		{CB3848D1-7727-4CF1-A243-747C3BAD05C1}.Release|x86.Build.0 = Release|Any CPU
	EndGlobalSection
	GlobalSection(SolutionProperties) = preSolution
		HideSolutionNode = FALSE
	EndGlobalSection
	GlobalSection(NestedProjects) = preSolution
		{346D8263-4217-4591-A2FB-6B38BEDD5D02} = {827E0CD3-B72D-47B6-A68D-7590B98EB39B}
		{C8E42992-5E42-0C2B-DBFE-AA848D06431C} = {827E0CD3-B72D-47B6-A68D-7590B98EB39B}
		{48CA17E8-42FD-448A-91A3-3DE13F153241} = {C8E42992-5E42-0C2B-DBFE-AA848D06431C}
		{B7D2270F-EA7F-4171-B762-546A229823DA} = {C8E42992-5E42-0C2B-DBFE-AA848D06431C}
		{0FCE068F-2556-4436-AF36-F4CEBFD1AC37} = {C8E42992-5E42-0C2B-DBFE-AA848D06431C}
		{EC447DCF-ABFA-6E24-52A5-D7FD48A5C558} = {827E0CD3-B72D-47B6-A68D-7590B98EB39B}
		{BB1D8860-8311-E62E-D03C-503AF4A8C141} = {EC447DCF-ABFA-6E24-52A5-D7FD48A5C558}
		{D7A331B8-D6C3-4DE5-8232-CB1D64414C8C} = {BB1D8860-8311-E62E-D03C-503AF4A8C141}
		{AE4CD8FF-D2BF-4C62-ADF1-440F1CF1D4B8} = {BB1D8860-8311-E62E-D03C-503AF4A8C141}
		{B728BEBE-AA45-4665-ABA2-FF48036E18BE} = {BB1D8860-8311-E62E-D03C-503AF4A8C141}
		{1735BAAB-A55D-4423-A0FA-D9DF2C9CA20D} = {BB1D8860-8311-E62E-D03C-503AF4A8C141}
		{2178EF68-C875-9FD9-9C80-A77234DA8A3B} = {EC447DCF-ABFA-6E24-52A5-D7FD48A5C558}
		{F959DF41-9A5F-43DC-B236-BE1B5C932DC2} = {2178EF68-C875-9FD9-9C80-A77234DA8A3B}
		{D4FA7F52-13EB-4879-9B44-E3DFEDB18FA7} = {2178EF68-C875-9FD9-9C80-A77234DA8A3B}
		{1894C95D-C72A-45FF-BC68-F8A2BCF9A97B} = {2178EF68-C875-9FD9-9C80-A77234DA8A3B}
		{03270C12-539E-4AEB-9DE1-EFC393CFD64E} = {2178EF68-C875-9FD9-9C80-A77234DA8A3B}
		{06A38725-C107-8416-62C6-3CAB91983C18} = {EC447DCF-ABFA-6E24-52A5-D7FD48A5C558}
		{8AC3C9B6-E6DA-472D-8928-F8ED60AD5C26} = {06A38725-C107-8416-62C6-3CAB91983C18}
		{E997D69D-5ADE-4C1E-8932-337E2AAE8453} = {06A38725-C107-8416-62C6-3CAB91983C18}
		{9E1CB59A-8C9F-4917-8BA5-8A8D6892A8BB} = {06A38725-C107-8416-62C6-3CAB91983C18}
		{D7EA13D4-7F2E-4723-B2A0-68F9D4CFB3AF} = {06A38725-C107-8416-62C6-3CAB91983C18}
		{802FCA60-DE2B-DAFB-000C-76ED21607B15} = {EC447DCF-ABFA-6E24-52A5-D7FD48A5C558}
		{96A5A1E2-77AF-4122-A176-17EC82109777} = {802FCA60-DE2B-DAFB-000C-76ED21607B15}
		{25868EEA-E9D0-474C-BF6F-78FB4E600E59} = {802FCA60-DE2B-DAFB-000C-76ED21607B15}
		{40380963-B944-449D-9A30-647893C64595} = {802FCA60-DE2B-DAFB-000C-76ED21607B15}
		{F9763C4D-CA5B-47ED-86C9-0C44FF70ECF4} = {802FCA60-DE2B-DAFB-000C-76ED21607B15}
		{0EC62A1A-9858-3A60-8A0C-FC9AACFA2EC7} = {EC447DCF-ABFA-6E24-52A5-D7FD48A5C558}
		{E31229E3-6639-4943-909A-35F416262BF0} = {0EC62A1A-9858-3A60-8A0C-FC9AACFA2EC7}
		{E0D8C45B-EEF1-49B6-BF77-9357A22E878A} = {0EC62A1A-9858-3A60-8A0C-FC9AACFA2EC7}
		{729DD366-99A9-4ECA-A460-C44C0C693EA3} = {0EC62A1A-9858-3A60-8A0C-FC9AACFA2EC7}
		{94829BAC-B163-4D75-A5BD-D141E153D3FD} = {0EC62A1A-9858-3A60-8A0C-FC9AACFA2EC7}
		{1811FD36-8D32-C900-604C-35B0137141EF} = {EC447DCF-ABFA-6E24-52A5-D7FD48A5C558}
		{9FC729D5-5D9A-4D04-8A06-49CC20DAD92C} = {1811FD36-8D32-C900-604C-35B0137141EF}
		{C279FCD5-4702-4839-A993-FCBE7165EA63} = {1811FD36-8D32-C900-604C-35B0137141EF}
		{29CDA092-3989-4BB3-B80E-4FF7D2FDA5B6} = {1811FD36-8D32-C900-604C-35B0137141EF}
		{3E1CCB09-9228-492B-B03C-DA96B64101EC} = {1811FD36-8D32-C900-604C-35B0137141EF}
		{4F8133DB-A301-0A1E-3DDE-929E67CC9B96} = {EC447DCF-ABFA-6E24-52A5-D7FD48A5C558}
		{F1A6BF48-B7A9-430D-A864-0F635FAFC677} = {4F8133DB-A301-0A1E-3DDE-929E67CC9B96}
		{4CC569B6-700E-4150-890E-1EA05B392EA4} = {4F8133DB-A301-0A1E-3DDE-929E67CC9B96}
		{D7C98773-96C3-47EF-9697-2A1BB8F19A9A} = {4F8133DB-A301-0A1E-3DDE-929E67CC9B96}
		{0B60A562-AAB0-415C-A047-369AA93C1278} = {4F8133DB-A301-0A1E-3DDE-929E67CC9B96}
		{C7A337C4-2A9C-4ADA-8F66-38AEFEEE0998} = {0AB3BF05-4346-4AA6-1389-037BE0695223}
		{55E23BD8-87AD-4916-902B-F778F67E55DA} = {0AB3BF05-4346-4AA6-1389-037BE0695223}
		{D0D6B8B0-AC35-B3FA-0B96-A9B0E4A3253E} = {0AB3BF05-4346-4AA6-1389-037BE0695223}
		{1A297AA0-8166-4AB7-8965-4492840383B4} = {D0D6B8B0-AC35-B3FA-0B96-A9B0E4A3253E}
		{FD098B4B-D990-4986-B4E3-83971994FD7F} = {D0D6B8B0-AC35-B3FA-0B96-A9B0E4A3253E}
		{D7DC9B74-6BC4-2470-2038-1E57C2DCB73B} = {0AB3BF05-4346-4AA6-1389-037BE0695223}
		{ACB2D19B-6984-27D8-539C-F209B7C78BA5} = {D7DC9B74-6BC4-2470-2038-1E57C2DCB73B}
		{2F183234-0C60-412E-A11B-43E8727F4DA8} = {ACB2D19B-6984-27D8-539C-F209B7C78BA5}
		{3430A12E-C302-4F61-BAA0-08B020E3EF91} = {ACB2D19B-6984-27D8-539C-F209B7C78BA5}
		{47B7CAEE-A049-495E-9E3A-87337AE68247} = {ACB2D19B-6984-27D8-539C-F209B7C78BA5}
		{3FF12661-E981-90A6-FDEB-3F06F09A5D0D} = {D7DC9B74-6BC4-2470-2038-1E57C2DCB73B}
		{2FF56102-07AC-4103-B6AD-2FA122EF22FF} = {3FF12661-E981-90A6-FDEB-3F06F09A5D0D}
		{BCD831DE-2269-7333-BFB6-CA0F2DFB26D7} = {D7DC9B74-6BC4-2470-2038-1E57C2DCB73B}
		{B3142DA8-FD44-45CA-A1FD-0E11014499EC} = {BCD831DE-2269-7333-BFB6-CA0F2DFB26D7}
		{A733B60C-1B78-4085-A915-9E4D697D7EC6} = {BCD831DE-2269-7333-BFB6-CA0F2DFB26D7}
		{FEEC8149-E702-6786-4132-737DC77F0F7B} = {D7DC9B74-6BC4-2470-2038-1E57C2DCB73B}
		{8394BD2E-1319-4CC5-880F-10947E5921C2} = {FEEC8149-E702-6786-4132-737DC77F0F7B}
		{D9B5F3A1-2C4E-4F8B-9A1D-8E7F3C6D2B5A} = {FEEC8149-E702-6786-4132-737DC77F0F7B}
		{CB3848D1-7727-4CF1-A243-747C3BAD05C1} = {FEEC8149-E702-6786-4132-737DC77F0F7B}
	EndGlobalSection
EndGlobal
